// !$*UTF8*$!
{
	archiveVersion = 1;
	classes = {
	};
	objectVersion = 46;
	objects = {

/* Begin PBXBuildFile section */
		B4549D901A861E9700C50034 /* AppDelegate.swift in Sources */ = {isa = PBXBuildFile; fileRef = B4549D8F1A861E9700C50034 /* AppDelegate.swift */; };
		B4549D921A861E9700C50034 /* ViewController.swift in Sources */ = {isa = PBXBuildFile; fileRef = B4549D911A861E9700C50034 /* ViewController.swift */; };
		B4549D951A861E9700C50034 /* Main.storyboard in Resources */ = {isa = PBXBuildFile; fileRef = B4549D931A861E9700C50034 /* Main.storyboard */; };
		B4549D971A861E9700C50034 /* Images.xcassets in Resources */ = {isa = PBXBuildFile; fileRef = B4549D961A861E9700C50034 /* Images.xcassets */; };
		B4549D9A1A861E9700C50034 /* LaunchScreen.xib in Resources */ = {isa = PBXBuildFile; fileRef = B4549D981A861E9700C50034 /* LaunchScreen.xib */; };
		B4549DA61A861E9700C50034 /* PostcardTests.swift in Sources */ = {isa = PBXBuildFile; fileRef = B4549DA51A861E9700C50034 /* PostcardTests.swift */; };
		B461899B1A874AD5003AB458 /* kreml.jpg in Resources */ = {isa = PBXBuildFile; fileRef = B461899A1A874AD5003AB458 /* kreml.jpg */; };
		B461899D1A875094003AB458 /* mama.jpg in Resources */ = {isa = PBXBuildFile; fileRef = B461899C1A875094003AB458 /* mama.jpg */; };
/* End PBXBuildFile section */

/* Begin PBXContainerItemProxy section */
		B4549DA01A861E9700C50034 /* PBXContainerItemProxy */ = {
			isa = PBXContainerItemProxy;
			containerPortal = B4549D821A861E9700C50034 /* Project object */;
			proxyType = 1;
			remoteGlobalIDString = B4549D891A861E9700C50034;
			remoteInfo = Postcard;
		};
/* End PBXContainerItemProxy section */

/* Begin PBXFileReference section */
		B4549D8A1A861E9700C50034 /* Postcard.app */ = {isa = PBXFileReference; explicitFileType = wrapper.application; includeInIndex = 0; path = Postcard.app; sourceTree = BUILT_PRODUCTS_DIR; };
		B4549D8E1A861E9700C50034 /* Info.plist */ = {isa = PBXFileReference; lastKnownFileType = text.plist.xml; path = Info.plist; sourceTree = "<group>"; };
		B4549D8F1A861E9700C50034 /* AppDelegate.swift */ = {isa = PBXFileReference; lastKnownFileType = sourcecode.swift; path = AppDelegate.swift; sourceTree = "<group>"; };
		B4549D911A861E9700C50034 /* ViewController.swift */ = {isa = PBXFileReference; lastKnownFileType = sourcecode.swift; path = ViewController.swift; sourceTree = "<group>"; };
		B4549D941A861E9700C50034 /* Base */ = {isa = PBXFileReference; lastKnownFileType = file.storyboard; name = Base; path = Base.lproj/Main.storyboard; sourceTree = "<group>"; };
		B4549D961A861E9700C50034 /* Images.xcassets */ = {isa = PBXFileReference; lastKnownFileType = folder.assetcatalog; path = Images.xcassets; sourceTree = "<group>"; };
		B4549D991A861E9700C50034 /* Base */ = {isa = PBXFileReference; lastKnownFileType = file.xib; name = Base; path = Base.lproj/LaunchScreen.xib; sourceTree = "<group>"; };
		B4549D9F1A861E9700C50034 /* PostcardTests.xctest */ = {isa = PBXFileReference; explicitFileType = wrapper.cfbundle; includeInIndex = 0; path = PostcardTests.xctest; sourceTree = BUILT_PRODUCTS_DIR; };
		B4549DA41A861E9700C50034 /* Info.plist */ = {isa = PBXFileReference; lastKnownFileType = text.plist.xml; path = Info.plist; sourceTree = "<group>"; };
		B4549DA51A861E9700C50034 /* PostcardTests.swift */ = {isa = PBXFileReference; lastKnownFileType = sourcecode.swift; path = PostcardTests.swift; sourceTree = "<group>"; };
		B461899A1A874AD5003AB458 /* kreml.jpg */ = {isa = PBXFileReference; lastKnownFileType = image.jpeg; path = kreml.jpg; sourceTree = "<group>"; };
		B461899C1A875094003AB458 /* mama.jpg */ = {isa = PBXFileReference; lastKnownFileType = image.jpeg; path = mama.jpg; sourceTree = "<group>"; };
/* End PBXFileReference section */

/* Begin PBXFrameworksBuildPhase section */
		B4549D871A861E9700C50034 /* Frameworks */ = {
			isa = PBXFrameworksBuildPhase;
			buildActionMask = 2147483647;
			files = (
			);
			runOnlyForDeploymentPostprocessing = 0;
		};
		B4549D9C1A861E9700C50034 /* Frameworks */ = {
			isa = PBXFrameworksBuildPhase;
			buildActionMask = 2147483647;
			files = (
			);
			runOnlyForDeploymentPostprocessing = 0;
		};
/* End PBXFrameworksBuildPhase section */

/* Begin PBXGroup section */
		B4549D811A861E9700C50034 = {
			isa = PBXGroup;
			children = (
				B4549D8C1A861E9700C50034 /* Postcard */,
				B4549DA21A861E9700C50034 /* PostcardTests */,
				B4549D8B1A861E9700C50034 /* Products */,
			);
			sourceTree = "<group>";
		};
		B4549D8B1A861E9700C50034 /* Products */ = {
			isa = PBXGroup;
			children = (
				B4549D8A1A861E9700C50034 /* Postcard.app */,
				B4549D9F1A861E9700C50034 /* PostcardTests.xctest */,
			);
			name = Products;
			sourceTree = "<group>";
		};
		B4549D8C1A861E9700C50034 /* Postcard */ = {
			isa = PBXGroup;
			children = (
				B4549D8F1A861E9700C50034 /* AppDelegate.swift */,
				B4549D911A861E9700C50034 /* ViewController.swift */,
				B4549D931A861E9700C50034 /* Main.storyboard */,
				B4549D961A861E9700C50034 /* Images.xcassets */,
				B4549D981A861E9700C50034 /* LaunchScreen.xib */,
				B4549D8D1A861E9700C50034 /* Supporting Files */,
			);
			path = Postcard;
			sourceTree = "<group>";
		};
		B4549D8D1A861E9700C50034 /* Supporting Files */ = {
			isa = PBXGroup;
			children = (
				B461899C1A875094003AB458 /* mama.jpg */,
				B461899A1A874AD5003AB458 /* kreml.jpg */,
				B4549D8E1A861E9700C50034 /* Info.plist */,
			);
			name = "Supporting Files";
			sourceTree = "<group>";
		};
		B4549DA21A861E9700C50034 /* PostcardTests */ = {
			isa = PBXGroup;
			children = (
				B4549DA51A861E9700C50034 /* PostcardTests.swift */,
				B4549DA31A861E9700C50034 /* Supporting Files */,
			);
			path = PostcardTests;
			sourceTree = "<group>";
		};
		B4549DA31A861E9700C50034 /* Supporting Files */ = {
			isa = PBXGroup;
			children = (
				B4549DA41A861E9700C50034 /* Info.plist */,
			);
			name = "Supporting Files";
			sourceTree = "<group>";
		};
/* End PBXGroup section */

/* Begin PBXNativeTarget section */
		B4549D891A861E9700C50034 /* Postcard */ = {
			isa = PBXNativeTarget;
			buildConfigurationList = B4549DA91A861E9700C50034 /* Build configuration list for PBXNativeTarget "Postcard" */;
			buildPhases = (
				B4549D861A861E9700C50034 /* Sources */,
				B4549D871A861E9700C50034 /* Frameworks */,
				B4549D881A861E9700C50034 /* Resources */,
			);
			buildRules = (
			);
			dependencies = (
			);
			name = Postcard;
			productName = Postcard;
			productReference = B4549D8A1A861E9700C50034 /* Postcard.app */;
			productType = "com.apple.product-type.application";
		};
		B4549D9E1A861E9700C50034 /* PostcardTests */ = {
			isa = PBXNativeTarget;
			buildConfigurationList = B4549DAC1A861E9700C50034 /* Build configuration list for PBXNativeTarget "PostcardTests" */;
			buildPhases = (
				B4549D9B1A861E9700C50034 /* Sources */,
				B4549D9C1A861E9700C50034 /* Frameworks */,
				B4549D9D1A861E9700C50034 /* Resources */,
			);
			buildRules = (
			);
			dependencies = (
				B4549DA11A861E9700C50034 /* PBXTargetDependency */,
			);
			name = PostcardTests;
			productName = PostcardTests;
			productReference = B4549D9F1A861E9700C50034 /* PostcardTests.xctest */;
			productType = "com.apple.product-type.bundle.unit-test";
		};
/* End PBXNativeTarget section */

/* Begin PBXProject section */
		B4549D821A861E9700C50034 /* Project object */ = {
			isa = PBXProject;
			attributes = {
				LastUpgradeCheck = 0610;
				ORGANIZATIONNAME = Pineapple;
				TargetAttributes = {
					B4549D891A861E9700C50034 = {
						CreatedOnToolsVersion = 6.1.1;
					};
					B4549D9E1A861E9700C50034 = {
						CreatedOnToolsVersion = 6.1.1;
						TestTargetID = B4549D891A861E9700C50034;
					};
				};
			};
			buildConfigurationList = B4549D851A861E9700C50034 /* Build configuration list for PBXProject "Postcard" */;
			compatibilityVersion = "Xcode 3.2";
			developmentRegion = English;
			hasScannedForEncodings = 0;
			knownRegions = (
				en,
				Base,
			);
			mainGroup = B4549D811A861E9700C50034;
			productRefGroup = B4549D8B1A861E9700C50034 /* Products */;
			projectDirPath = "";
			projectRoot = "";
			targets = (
				B4549D891A861E9700C50034 /* Postcard */,
				B4549D9E1A861E9700C50034 /* PostcardTests */,
			);
		};
/* End PBXProject section */

/* Begin PBXResourcesBuildPhase section */
		B4549D881A861E9700C50034 /* Resources */ = {
			isa = PBXResourcesBuildPhase;
			buildActionMask = 2147483647;
			files = (
				B4549D951A861E9700C50034 /* Main.storyboard in Resources */,
				B461899D1A875094003AB458 /* mama.jpg in Resources */,
				B4549D9A1A861E9700C50034 /* LaunchScreen.xib in Resources */,
				B4549D971A861E9700C50034 /* Images.xcassets in Resources */,
				B461899B1A874AD5003AB458 /* kreml.jpg in Resources */,
			);
			runOnlyForDeploymentPostprocessing = 0;
		};
		B4549D9D1A861E9700C50034 /* Resources */ = {
			isa = PBXResourcesBuildPhase;
			buildActionMask = 2147483647;
			files = (
			);
			runOnlyForDeploymentPostprocessing = 0;
		};
/* End PBXResourcesBuildPhase section */

/* Begin PBXSourcesBuildPhase section */
		B4549D861A861E9700C50034 /* Sources */ = {
			isa = PBXSourcesBuildPhase;
			buildActionMask = 2147483647;
			files = (
				B4549D921A861E9700C50034 /* ViewController.swift in Sources */,
				B4549D901A861E9700C50034 /* AppDelegate.swift in Sources */,
			);
			runOnlyForDeploymentPostprocessing = 0;
		};
		B4549D9B1A861E9700C50034 /* Sources */ = {
			isa = PBXSourcesBuildPhase;
			buildActionMask = 2147483647;
			files = (
				B4549DA61A861E9700C50034 /* PostcardTests.swift in Sources */,
			);
			runOnlyForDeploymentPostprocessing = 0;
		};
/* End PBXSourcesBuildPhase section */

/* Begin PBXTargetDependency section */
		B4549DA11A861E9700C50034 /* PBXTargetDependency */ = {
			isa = PBXTargetDependency;
			target = B4549D891A861E9700C50034 /* Postcard */;
			targetProxy = B4549DA01A861E9700C50034 /* PBXContainerItemProxy */;
		};
/* End PBXTargetDependency section */

/* Begin PBXVariantGroup section */
		B4549D931A861E9700C50034 /* Main.storyboard */ = {
			isa = PBXVariantGroup;
			children = (
				B4549D941A861E9700C50034 /* Base */,
			);
			name = Main.storyboard;
			sourceTree = "<group>";
		};
		B4549D981A861E9700C50034 /* LaunchScreen.xib */ = {
			isa = PBXVariantGroup;
			children = (
				B4549D991A861E9700C50034 /* Base */,
			);
			name = LaunchScreen.xib;
			sourceTree = "<group>";
		};
/* End PBXVariantGroup section */

/* Begin XCBuildConfiguration section */
		B4549DA71A861E9700C50034 /* Debug */ = {
			isa = XCBuildConfiguration;
			buildSettings = {
				ALWAYS_SEARCH_USER_PATHS = NO;
				CLANG_CXX_LANGUAGE_STANDARD = "gnu++0x";
				CLANG_CXX_LIBRARY = "libc++";
				CLANG_ENABLE_MODULES = YES;
				CLANG_ENABLE_OBJC_ARC = YES;
				CLANG_WARN_BOOL_CONVERSION = YES;
				CLANG_WARN_CONSTANT_CONVERSION = YES;
				CLANG_WARN_DIRECT_OBJC_ISA_USAGE = YES_ERROR;
				CLANG_WARN_EMPTY_BODY = YES;
				CLANG_WARN_ENUM_CONVERSION = YES;
				CLANG_WARN_INT_CONVERSION = YES;
				CLANG_WARN_OBJC_ROOT_CLASS = YES_ERROR;
				CLANG_WARN_UNREACHABLE_CODE = YES;
				CLANG_WARN__DUPLICATE_METHOD_MATCH = YES;
				"CODE_SIGN_IDENTITY[sdk=iphoneos*]" = "iPhone Developer";
				COPY_PHASE_STRIP = NO;
				ENABLE_STRICT_OBJC_MSGSEND = YES;
				GCC_C_LANGUAGE_STANDARD = gnu99;
				GCC_DYNAMIC_NO_PIC = NO;
				GCC_OPTIMIZATION_LEVEL = 0;
				GCC_PREPROCESSOR_DEFINITIONS = (
					"DEBUG=1",
					"$(inherited)",
				);
				GCC_SYMBOLS_PRIVATE_EXTERN = NO;
				GCC_WARN_64_TO_32_BIT_CONVERSION = YES;
				GCC_WARN_ABOUT_RETURN_TYPE = YES_ERROR;
				GCC_WARN_UNDECLARED_SELECTOR = YES;
				GCC_WARN_UNINITIALIZED_AUTOS = YES_AGGRESSIVE;
				GCC_WARN_UNUSED_FUNCTION = YES;
				GCC_WARN_UNUSED_VARIABLE = YES;
				IPHONEOS_DEPLOYMENT_TARGET = 8.1;
				MTL_ENABLE_DEBUG_INFO = YES;
				ONLY_ACTIVE_ARCH = YES;
				SDKROOT = iphoneos;
				SWIFT_OPTIMIZATION_LEVEL = "-Onone";
				TARGETED_DEVICE_FAMILY = "1,2";
			};
			name = Debug;
		};
		B4549DA81A861E9700C50034 /* Release */ = {
			isa = XCBuildConfiguration;
			buildSettings = {
				ALWAYS_SEARCH_USER_PATHS = NO;
				CLANG_CXX_LANGUAGE_STANDARD = "gnu++0x";
				CLANG_CXX_LIBRARY = "libc++";
				CLANG_ENABLE_MODULES = YES;
				CLANG_ENABLE_OBJC_ARC = YES;
				CLANG_WARN_BOOL_CONVERSION = YES;
				CLANG_WARN_CONSTANT_CONVERSION = YES;
				CLANG_WARN_DIRECT_OBJC_ISA_USAGE = YES_ERROR;
				CLANG_WARN_EMPTY_BODY = YES;
				CLANG_WARN_ENUM_CONVERSION = YES;
				CLANG_WARN_INT_CONVERSION = YES;
				CLANG_WARN_OBJC_ROOT_CLASS = YES_ERROR;
				CLANG_WARN_UNREACHABLE_CODE = YES;
				CLANG_WARN__DUPLICATE_METHOD_MATCH = YES;
				"CODE_SIGN_IDENTITY[sdk=iphoneos*]" = "iPhone Developer";
				COPY_PHASE_STRIP = YES;
				ENABLE_NS_ASSERTIONS = NO;
				ENABLE_STRICT_OBJC_MSGSEND = YES;
				GCC_C_LANGUAGE_STANDARD = gnu99;
				GCC_WARN_64_TO_32_BIT_CONVERSION = YES;
				GCC_WARN_ABOUT_RETURN_TYPE = YES_ERROR;
				GCC_WARN_UNDECLARED_SELECTOR = YES;
				GCC_WARN_UNINITIALIZED_AUTOS = YES_AGGRESSIVE;
				GCC_WARN_UNUSED_FUNCTION = YES;
				GCC_WARN_UNUSED_VARIABLE = YES;
				IPHONEOS_DEPLOYMENT_TARGET = 8.1;
				MTL_ENABLE_DEBUG_INFO = NO;
				SDKROOT = iphoneos;
				TARGETED_DEVICE_FAMILY = "1,2";
				VALIDATE_PRODUCT = YES;
			};
			name = Release;
		};
		B4549DAA1A861E9700C50034 /* Debug */ = {
			isa = XCBuildConfiguration;
			buildSettings = {
				ASSETCATALOG_COMPILER_APPICON_NAME = AppIcon;
				INFOPLIST_FILE = Postcard/Info.plist;
				LD_RUNPATH_SEARCH_PATHS = "$(inherited) @executable_path/Frameworks";
				PRODUCT_NAME = "$(TARGET_NAME)";
			};
			name = Debug;
		};
		B4549DAB1A861E9700C50034 /* Release */ = {
			isa = XCBuildConfiguration;
			buildSettings = {
				ASSETCATALOG_COMPILER_APPICON_NAME = AppIcon;
				INFOPLIST_FILE = Postcard/Info.plist;
				LD_RUNPATH_SEARCH_PATHS = "$(inherited) @executable_path/Frameworks";
				PRODUCT_NAME = "$(TARGET_NAME)";
			};
			name = Release;
		};
		B4549DAD1A861E9700C50034 /* Debug */ = {
			isa = XCBuildConfiguration;
			buildSettings = {
				BUNDLE_LOADER = "$(TEST_HOST)";
				FRAMEWORK_SEARCH_PATHS = (
					"$(SDKROOT)/Developer/Library/Frameworks",
					"$(inherited)",
				);
				GCC_PREPROCESSOR_DEFINITIONS = (
					"DEBUG=1",
					"$(inherited)",
				);
				INFOPLIST_FILE = PostcardTests/Info.plist;
				LD_RUNPATH_SEARCH_PATHS = "$(inherited) @executable_path/Frameworks @loader_path/Frameworks";
				PRODUCT_NAME = "$(TARGET_NAME)";
				TEST_HOST = "$(BUILT_PRODUCTS_DIR)/Postcard.app/Postcard";
			};
			name = Debug;
		};
		B4549DAE1A861E9700C50034 /* Release */ = {
			isa = XCBuildConfiguration;
			buildSettings = {
				BUNDLE_LOADER = "$(TEST_HOST)";
				FRAMEWORK_SEARCH_PATHS = (
					"$(SDKROOT)/Developer/Library/Frameworks",
					"$(inherited)",
				);
				INFOPLIST_FILE = PostcardTests/Info.plist;
				LD_RUNPATH_SEARCH_PATHS = "$(inherited) @executable_path/Frameworks @loader_path/Frameworks";
				PRODUCT_NAME = "$(TARGET_NAME)";
				TEST_HOST = "$(BUILT_PRODUCTS_DIR)/Postcard.app/Postcard";
			};
			name = Release;
		};
/* End XCBuildConfiguration section */

/* Begin XCConfigurationList section */
		B4549D851A861E9700C50034 /* Build configuration list for PBXProject "Postcard" */ = {
			isa = XCConfigurationList;
			buildConfigurations = (
				B4549DA71A861E9700C50034 /* Debug */,
				B4549DA81A861E9700C50034 /* Release */,
			);
			defaultConfigurationIsVisible = 0;
			defaultConfigurationName = Release;
		};
		B4549DA91A861E9700C50034 /* Build configuration list for PBXNativeTarget "Postcard" */ = {
			isa = XCConfigurationList;
			buildConfigurations = (
				B4549DAA1A861E9700C50034 /* Debug */,
				B4549DAB1A861E9700C50034 /* Release */,
			);
			defaultConfigurationIsVisible = 0;
			defaultConfigurationName = Release;
		};
		B4549DAC1A861E9700C50034 /* Build configuration list for PBXNativeTarget "PostcardTests" */ = {
			isa = XCConfigurationList;
			buildConfigurations = (
				B4549DAD1A861E9700C50034 /* Debug */,
				B4549DAE1A861E9700C50034 /* Release */,
			);
			defaultConfigurationIsVisible = 0;
			defaultConfigurationName = Release;
		};
/* End XCConfigurationList section */
	};
	rootObject = B4549D821A861E9700C50034 /* Project object */;
}
